// !$*UTF8*$!
{
	archiveVersion = 1;
	classes = {
	};
	objectVersion = 56;
	objects = {

/* Begin PBXBuildFile section */
		AE3C64372B3AFAC2001DA718 /* Awake in Frameworks */ = {isa = PBXBuildFile; productRef = AE3C64362B3AFAC2001DA718 /* Awake */; };
		AE9C6B5D2B3A4F1400437542 /* wakeappApp.swift in Sources */ = {isa = PBXBuildFile; fileRef = AE9C6B5C2B3A4F1400437542 /* wakeappApp.swift */; };
		AE9C6B5F2B3A4F1400437542 /* ContentView.swift in Sources */ = {isa = PBXBuildFile; fileRef = AE9C6B5E2B3A4F1400437542 /* ContentView.swift */; };
		AE9C6B612B3A4F1400437542 /* Item.swift in Sources */ = {isa = PBXBuildFile; fileRef = AE9C6B602B3A4F1400437542 /* Item.swift */; };
		AE9C6B632B3A4F1500437542 /* Assets.xcassets in Resources */ = {isa = PBXBuildFile; fileRef = AE9C6B622B3A4F1500437542 /* Assets.xcassets */; };
		AE9C6B662B3A4F1500437542 /* Preview Assets.xcassets in Resources */ = {isa = PBXBuildFile; fileRef = AE9C6B652B3A4F1500437542 /* Preview Assets.xcassets */; };
		AE9C6B6E2B3A547800437542 /* AddWakeHostForm.swift in Sources */ = {isa = PBXBuildFile; fileRef = AE9C6B6D2B3A547800437542 /* AddWakeHostForm.swift */; };
/* End PBXBuildFile section */

/* Begin PBXFileReference section */
		AE9C6B592B3A4F1400437542 /* wakeapp.app */ = {isa = PBXFileReference; explicitFileType = wrapper.application; includeInIndex = 0; path = wakeapp.app; sourceTree = BUILT_PRODUCTS_DIR; };
		AE9C6B5C2B3A4F1400437542 /* wakeappApp.swift */ = {isa = PBXFileReference; lastKnownFileType = sourcecode.swift; path = wakeappApp.swift; sourceTree = "<group>"; };
		AE9C6B5E2B3A4F1400437542 /* ContentView.swift */ = {isa = PBXFileReference; lastKnownFileType = sourcecode.swift; path = ContentView.swift; sourceTree = "<group>"; };
		AE9C6B602B3A4F1400437542 /* Item.swift */ = {isa = PBXFileReference; lastKnownFileType = sourcecode.swift; path = Item.swift; sourceTree = "<group>"; };
		AE9C6B622B3A4F1500437542 /* Assets.xcassets */ = {isa = PBXFileReference; lastKnownFileType = folder.assetcatalog; path = Assets.xcassets; sourceTree = "<group>"; };
		AE9C6B652B3A4F1500437542 /* Preview Assets.xcassets */ = {isa = PBXFileReference; lastKnownFileType = folder.assetcatalog; path = "Preview Assets.xcassets"; sourceTree = "<group>"; };
		AE9C6B672B3A4F1500437542 /* wakeapp.entitlements */ = {isa = PBXFileReference; lastKnownFileType = text.plist.entitlements; path = wakeapp.entitlements; sourceTree = "<group>"; };
		AE9C6B6D2B3A547800437542 /* AddWakeHostForm.swift */ = {isa = PBXFileReference; lastKnownFileType = sourcecode.swift; path = AddWakeHostForm.swift; sourceTree = "<group>"; };
/* End PBXFileReference section */

/* Begin PBXFrameworksBuildPhase section */
		AE9C6B562B3A4F1400437542 /* Frameworks */ = {
			isa = PBXFrameworksBuildPhase;
			buildActionMask = 2147483647;
			files = (
				AE3C64372B3AFAC2001DA718 /* Awake in Frameworks */,
			);
			runOnlyForDeploymentPostprocessing = 0;
		};
/* End PBXFrameworksBuildPhase section */

/* Begin PBXGroup section */
		AE9C6B502B3A4F1400437542 = {
			isa = PBXGroup;
			children = (
				AE9C6B5B2B3A4F1400437542 /* wakeapp */,
				AE9C6B5A2B3A4F1400437542 /* Products */,
			);
			sourceTree = "<group>";
		};
		AE9C6B5A2B3A4F1400437542 /* Products */ = {
			isa = PBXGroup;
			children = (
				AE9C6B592B3A4F1400437542 /* wakeapp.app */,
			);
			name = Products;
			sourceTree = "<group>";
		};
		AE9C6B5B2B3A4F1400437542 /* wakeapp */ = {
			isa = PBXGroup;
			children = (
				AE9C6B5C2B3A4F1400437542 /* wakeappApp.swift */,
				AE9C6B6D2B3A547800437542 /* AddWakeHostForm.swift */,
				AE9C6B5E2B3A4F1400437542 /* ContentView.swift */,
				AE9C6B602B3A4F1400437542 /* Item.swift */,
				AE9C6B622B3A4F1500437542 /* Assets.xcassets */,
				AE9C6B672B3A4F1500437542 /* wakeapp.entitlements */,
				AE9C6B642B3A4F1500437542 /* Preview Content */,
			);
			path = wakeapp;
			sourceTree = "<group>";
		};
		AE9C6B642B3A4F1500437542 /* Preview Content */ = {
			isa = PBXGroup;
			children = (
				AE9C6B652B3A4F1500437542 /* Preview Assets.xcassets */,
			);
			path = "Preview Content";
			sourceTree = "<group>";
		};
/* End PBXGroup section */

/* Begin PBXNativeTarget section */
		AE9C6B582B3A4F1400437542 /* wakeapp */ = {
			isa = PBXNativeTarget;
			buildConfigurationList = AE9C6B6A2B3A4F1500437542 /* Build configuration list for PBXNativeTarget "wakeapp" */;
			buildPhases = (
				AE9C6B552B3A4F1400437542 /* Sources */,
				AE9C6B562B3A4F1400437542 /* Frameworks */,
				AE9C6B572B3A4F1400437542 /* Resources */,
			);
			buildRules = (
			);
			dependencies = (
			);
			name = wakeapp;
			packageProductDependencies = (
				AE3C64362B3AFAC2001DA718 /* Awake */,
			);
			productName = wakeapp;
			productReference = AE9C6B592B3A4F1400437542 /* wakeapp.app */;
			productType = "com.apple.product-type.application";
		};
/* End PBXNativeTarget section */

/* Begin PBXProject section */
		AE9C6B512B3A4F1400437542 /* Project object */ = {
			isa = PBXProject;
			attributes = {
				BuildIndependentTargetsInParallel = 1;
				LastSwiftUpdateCheck = 1510;
				LastUpgradeCheck = 1510;
				TargetAttributes = {
					AE9C6B582B3A4F1400437542 = {
						CreatedOnToolsVersion = 15.1;
					};
				};
			};
			buildConfigurationList = AE9C6B542B3A4F1400437542 /* Build configuration list for PBXProject "wakeapp" */;
			compatibilityVersion = "Xcode 14.0";
			developmentRegion = en;
			hasScannedForEncodings = 0;
			knownRegions = (
				en,
				Base,
			);
			mainGroup = AE9C6B502B3A4F1400437542;
			packageReferences = (
				AE3C64352B3AFAC2001DA718 /* XCRemoteSwiftPackageReference "Awake" */,
			);
			productRefGroup = AE9C6B5A2B3A4F1400437542 /* Products */;
			projectDirPath = "";
			projectRoot = "";
			targets = (
				AE9C6B582B3A4F1400437542 /* wakeapp */,
			);
		};
/* End PBXProject section */

/* Begin PBXResourcesBuildPhase section */
		AE9C6B572B3A4F1400437542 /* Resources */ = {
			isa = PBXResourcesBuildPhase;
			buildActionMask = 2147483647;
			files = (
				AE9C6B662B3A4F1500437542 /* Preview Assets.xcassets in Resources */,
				AE9C6B632B3A4F1500437542 /* Assets.xcassets in Resources */,
			);
			runOnlyForDeploymentPostprocessing = 0;
		};
/* End PBXResourcesBuildPhase section */

/* Begin PBXSourcesBuildPhase section */
		AE9C6B552B3A4F1400437542 /* Sources */ = {
			isa = PBXSourcesBuildPhase;
			buildActionMask = 2147483647;
			files = (
				AE9C6B5F2B3A4F1400437542 /* ContentView.swift in Sources */,
				AE9C6B612B3A4F1400437542 /* Item.swift in Sources */,
				AE9C6B5D2B3A4F1400437542 /* wakeappApp.swift in Sources */,
				AE9C6B6E2B3A547800437542 /* AddWakeHostForm.swift in Sources */,
			);
			runOnlyForDeploymentPostprocessing = 0;
		};
/* End PBXSourcesBuildPhase section */

/* Begin XCBuildConfiguration section */
		AE9C6B682B3A4F1500437542 /* Debug */ = {
			isa = XCBuildConfiguration;
			buildSettings = {
				ALWAYS_SEARCH_USER_PATHS = NO;
				ASSETCATALOG_COMPILER_GENERATE_SWIFT_ASSET_SYMBOL_EXTENSIONS = YES;
				CLANG_ANALYZER_NONNULL = YES;
				CLANG_ANALYZER_NUMBER_OBJECT_CONVERSION = YES_AGGRESSIVE;
				CLANG_CXX_LANGUAGE_STANDARD = "gnu++20";
				CLANG_ENABLE_MODULES = YES;
				CLANG_ENABLE_OBJC_ARC = YES;
				CLANG_ENABLE_OBJC_WEAK = YES;
				CLANG_WARN_BLOCK_CAPTURE_AUTORELEASING = YES;
				CLANG_WARN_BOOL_CONVERSION = YES;
				CLANG_WARN_COMMA = YES;
				CLANG_WARN_CONSTANT_CONVERSION = YES;
				CLANG_WARN_DEPRECATED_OBJC_IMPLEMENTATIONS = YES;
				CLANG_WARN_DIRECT_OBJC_ISA_USAGE = YES_ERROR;
				CLANG_WARN_DOCUMENTATION_COMMENTS = YES;
				CLANG_WARN_EMPTY_BODY = YES;
				CLANG_WARN_ENUM_CONVERSION = YES;
				CLANG_WARN_INFINITE_RECURSION = YES;
				CLANG_WARN_INT_CONVERSION = YES;
				CLANG_WARN_NON_LITERAL_NULL_CONVERSION = YES;
				CLANG_WARN_OBJC_IMPLICIT_RETAIN_SELF = YES;
				CLANG_WARN_OBJC_LITERAL_CONVERSION = YES;
				CLANG_WARN_OBJC_ROOT_CLASS = YES_ERROR;
				CLANG_WARN_QUOTED_INCLUDE_IN_FRAMEWORK_HEADER = YES;
				CLANG_WARN_RANGE_LOOP_ANALYSIS = YES;
				CLANG_WARN_STRICT_PROTOTYPES = YES;
				CLANG_WARN_SUSPICIOUS_MOVE = YES;
				CLANG_WARN_UNGUARDED_AVAILABILITY = YES_AGGRESSIVE;
				CLANG_WARN_UNREACHABLE_CODE = YES;
				CLANG_WARN__DUPLICATE_METHOD_MATCH = YES;
				COPY_PHASE_STRIP = NO;
				DEBUG_INFORMATION_FORMAT = dwarf;
				ENABLE_STRICT_OBJC_MSGSEND = YES;
				ENABLE_TESTABILITY = YES;
				ENABLE_USER_SCRIPT_SANDBOXING = YES;
				GCC_C_LANGUAGE_STANDARD = gnu17;
				GCC_DYNAMIC_NO_PIC = NO;
				GCC_NO_COMMON_BLOCKS = YES;
				GCC_OPTIMIZATION_LEVEL = 0;
				GCC_PREPROCESSOR_DEFINITIONS = (
					"DEBUG=1",
					"$(inherited)",
				);
				GCC_WARN_64_TO_32_BIT_CONVERSION = YES;
				GCC_WARN_ABOUT_RETURN_TYPE = YES_ERROR;
				GCC_WARN_UNDECLARED_SELECTOR = YES;
				GCC_WARN_UNINITIALIZED_AUTOS = YES_AGGRESSIVE;
				GCC_WARN_UNUSED_FUNCTION = YES;
				GCC_WARN_UNUSED_VARIABLE = YES;
				LOCALIZATION_PREFERS_STRING_CATALOGS = YES;
				MACOSX_DEPLOYMENT_TARGET = 14.2;
				MTL_ENABLE_DEBUG_INFO = INCLUDE_SOURCE;
				MTL_FAST_MATH = YES;
				ONLY_ACTIVE_ARCH = YES;
				SDKROOT = macosx;
				SWIFT_ACTIVE_COMPILATION_CONDITIONS = "DEBUG $(inherited)";
				SWIFT_OPTIMIZATION_LEVEL = "-Onone";
			};
			name = Debug;
		};
		AE9C6B692B3A4F1500437542 /* Release */ = {
			isa = XCBuildConfiguration;
			buildSettings = {
				ALWAYS_SEARCH_USER_PATHS = NO;
				ASSETCATALOG_COMPILER_GENERATE_SWIFT_ASSET_SYMBOL_EXTENSIONS = YES;
				CLANG_ANALYZER_NONNULL = YES;
				CLANG_ANALYZER_NUMBER_OBJECT_CONVERSION = YES_AGGRESSIVE;
				CLANG_CXX_LANGUAGE_STANDARD = "gnu++20";
				CLANG_ENABLE_MODULES = YES;
				CLANG_ENABLE_OBJC_ARC = YES;
				CLANG_ENABLE_OBJC_WEAK = YES;
				CLANG_WARN_BLOCK_CAPTURE_AUTORELEASING = YES;
				CLANG_WARN_BOOL_CONVERSION = YES;
				CLANG_WARN_COMMA = YES;
				CLANG_WARN_CONSTANT_CONVERSION = YES;
				CLANG_WARN_DEPRECATED_OBJC_IMPLEMENTATIONS = YES;
				CLANG_WARN_DIRECT_OBJC_ISA_USAGE = YES_ERROR;
				CLANG_WARN_DOCUMENTATION_COMMENTS = YES;
				CLANG_WARN_EMPTY_BODY = YES;
				CLANG_WARN_ENUM_CONVERSION = YES;
				CLANG_WARN_INFINITE_RECURSION = YES;
				CLANG_WARN_INT_CONVERSION = YES;
				CLANG_WARN_NON_LITERAL_NULL_CONVERSION = YES;
				CLANG_WARN_OBJC_IMPLICIT_RETAIN_SELF = YES;
				CLANG_WARN_OBJC_LITERAL_CONVERSION = YES;
				CLANG_WARN_OBJC_ROOT_CLASS = YES_ERROR;
				CLANG_WARN_QUOTED_INCLUDE_IN_FRAMEWORK_HEADER = YES;
				CLANG_WARN_RANGE_LOOP_ANALYSIS = YES;
				CLANG_WARN_STRICT_PROTOTYPES = YES;
				CLANG_WARN_SUSPICIOUS_MOVE = YES;
				CLANG_WARN_UNGUARDED_AVAILABILITY = YES_AGGRESSIVE;
				CLANG_WARN_UNREACHABLE_CODE = YES;
				CLANG_WARN__DUPLICATE_METHOD_MATCH = YES;
				COPY_PHASE_STRIP = NO;
				DEBUG_INFORMATION_FORMAT = "dwarf-with-dsym";
				ENABLE_NS_ASSERTIONS = NO;
				ENABLE_STRICT_OBJC_MSGSEND = YES;
				ENABLE_USER_SCRIPT_SANDBOXING = YES;
				GCC_C_LANGUAGE_STANDARD = gnu17;
				GCC_NO_COMMON_BLOCKS = YES;
				GCC_WARN_64_TO_32_BIT_CONVERSION = YES;
				GCC_WARN_ABOUT_RETURN_TYPE = YES_ERROR;
				GCC_WARN_UNDECLARED_SELECTOR = YES;
				GCC_WARN_UNINITIALIZED_AUTOS = YES_AGGRESSIVE;
				GCC_WARN_UNUSED_FUNCTION = YES;
				GCC_WARN_UNUSED_VARIABLE = YES;
				LOCALIZATION_PREFERS_STRING_CATALOGS = YES;
				MACOSX_DEPLOYMENT_TARGET = 14.2;
				MTL_ENABLE_DEBUG_INFO = NO;
				MTL_FAST_MATH = YES;
				SDKROOT = macosx;
				SWIFT_COMPILATION_MODE = wholemodule;
			};
			name = Release;
		};
		AE9C6B6B2B3A4F1500437542 /* Debug */ = {
			isa = XCBuildConfiguration;
			buildSettings = {
				ASSETCATALOG_COMPILER_APPICON_NAME = AppIcon;
				ASSETCATALOG_COMPILER_GLOBAL_ACCENT_COLOR_NAME = AccentColor;
				CODE_SIGN_ENTITLEMENTS = wakeapp/wakeapp.entitlements;
				CODE_SIGN_STYLE = Automatic;
				COMBINE_HIDPI_IMAGES = YES;
				CURRENT_PROJECT_VERSION = 1;
				DEVELOPMENT_ASSET_PATHS = "\"wakeapp/Preview Content\"";
				DEVELOPMENT_TEAM = XKGHA6BEPT;
				ENABLE_HARDENED_RUNTIME = YES;
				ENABLE_PREVIEWS = YES;
				GENERATE_INFOPLIST_FILE = YES;
				INFOPLIST_KEY_NSHumanReadableCopyright = "";
				LD_RUNPATH_SEARCH_PATHS = (
					"$(inherited)",
					"@executable_path/../Frameworks",
				);
				MACOSX_DEPLOYMENT_TARGET = 14.0;
				MARKETING_VERSION = 1.0;
				PRODUCT_BUNDLE_IDENTIFIER = com.deckedstudios.wakeapp;
				PRODUCT_NAME = "$(TARGET_NAME)";
				SWIFT_EMIT_LOC_STRINGS = YES;
				SWIFT_VERSION = 5.0;
			};
			name = Debug;
		};
		AE9C6B6C2B3A4F1500437542 /* Release */ = {
			isa = XCBuildConfiguration;
			buildSettings = {
				ASSETCATALOG_COMPILER_APPICON_NAME = AppIcon;
				ASSETCATALOG_COMPILER_GLOBAL_ACCENT_COLOR_NAME = AccentColor;
				CODE_SIGN_ENTITLEMENTS = wakeapp/wakeapp.entitlements;
				CODE_SIGN_STYLE = Automatic;
				COMBINE_HIDPI_IMAGES = YES;
				CURRENT_PROJECT_VERSION = 1;
				DEVELOPMENT_ASSET_PATHS = "\"wakeapp/Preview Content\"";
				DEVELOPMENT_TEAM = XKGHA6BEPT;
				ENABLE_HARDENED_RUNTIME = YES;
				ENABLE_PREVIEWS = YES;
				GENERATE_INFOPLIST_FILE = YES;
				INFOPLIST_KEY_NSHumanReadableCopyright = "";
				LD_RUNPATH_SEARCH_PATHS = (
					"$(inherited)",
					"@executable_path/../Frameworks",
				);
				MACOSX_DEPLOYMENT_TARGET = 14.0;
				MARKETING_VERSION = 1.0;
				PRODUCT_BUNDLE_IDENTIFIER = com.deckedstudios.wakeapp;
				PRODUCT_NAME = "$(TARGET_NAME)";
				SWIFT_EMIT_LOC_STRINGS = YES;
				SWIFT_VERSION = 5.0;
			};
			name = Release;
		};
/* End XCBuildConfiguration section */

/* Begin XCConfigurationList section */
		AE9C6B542B3A4F1400437542 /* Build configuration list for PBXProject "wakeapp" */ = {
			isa = XCConfigurationList;
			buildConfigurations = (
				AE9C6B682B3A4F1500437542 /* Debug */,
				AE9C6B692B3A4F1500437542 /* Release */,
			);
			defaultConfigurationIsVisible = 0;
			defaultConfigurationName = Release;
		};
		AE9C6B6A2B3A4F1500437542 /* Build configuration list for PBXNativeTarget "wakeapp" */ = {
			isa = XCConfigurationList;
			buildConfigurations = (
				AE9C6B6B2B3A4F1500437542 /* Debug */,
				AE9C6B6C2B3A4F1500437542 /* Release */,
			);
			defaultConfigurationIsVisible = 0;
			defaultConfigurationName = Release;
		};
/* End XCConfigurationList section */

/* Begin XCRemoteSwiftPackageReference section */
		AE3C64352B3AFAC2001DA718 /* XCRemoteSwiftPackageReference "Awake" */ = {
			isa = XCRemoteSwiftPackageReference;
			repositoryURL = "https://github.com/jesper-lindberg/Awake";
			requirement = {
				branch = master;
				kind = branch;
			};
		};
/* End XCRemoteSwiftPackageReference section */

/* Begin XCSwiftPackageProductDependency section */
		AE3C64362B3AFAC2001DA718 /* Awake */ = {
			isa = XCSwiftPackageProductDependency;
			package = AE3C64352B3AFAC2001DA718 /* XCRemoteSwiftPackageReference "Awake" */;
			productName = Awake;
		};
/* End XCSwiftPackageProductDependency section */
	};
	rootObject = AE9C6B512B3A4F1400437542 /* Project object */;
}
